<?xml version="1.0" encoding="UTF-8"?>
<!DOCTYPE plist PUBLIC "-//Apple//DTD PLIST 1.0//EN" "http://www.apple.com/DTDs/PropertyList-1.0.dtd">
<plist version="1.0">
<dict>
	<key>archiveVersion</key>
	<string>1</string>
	<key>classes</key>
	<dict/>
	<key>objectVersion</key>
	<string>77</string>
	<key>objects</key>
	<dict>
		<key>2FAD9762203C412B000D30F8</key>
		<dict>
			<key>isa</key>
			<string>PBXFileReference</string>
			<key>lastKnownFileType</key>
			<string>text.xml</string>
			<key>path</key>
			<string>config.xml</string>
			<key>sourceTree</key>
			<string>&lt;group&gt;</string>
		</dict>
		<key>2FAD9763203C412B000D30F8</key>
		<dict>
			<key>fileRef</key>
			<string>2FAD9762203C412B000D30F8</string>
			<key>isa</key>
			<string>PBXBuildFile</string>
		</dict>
		<key>4BF32F1E9453A6AB603D7CD2</key>
		<dict>
			<key>buildActionMask</key>
			<string>2147483647</string>
			<key>files</key>
			<array/>
			<key>inputPaths</key>
			<array/>
			<key>isa</key>
			<string>PBXShellScriptBuildPhase</string>
			<key>name</key>
			<string>[CP] Embed Pods Frameworks</string>
			<key>outputPaths</key>
			<array/>
			<key>runOnlyForDeploymentPostprocessing</key>
			<string>0</string>
			<key>shellPath</key>
			<string>/bin/sh</string>
			<key>shellScript</key>
			<string>"${PODS_ROOT}/Target Support Files/Pods-Logseq/Pods-Logseq-frameworks.sh"
</string>
			<key>showEnvVarsInLog</key>
			<string>0</string>
		</dict>
		<key>50379B222058CBB4000EE86E</key>
		<dict>
			<key>fileEncoding</key>
			<string>4</string>
			<key>isa</key>
			<string>PBXFileReference</string>
			<key>lastKnownFileType</key>
			<string>text.json</string>
			<key>path</key>
			<string>capacitor.config.json</string>
			<key>sourceTree</key>
			<string>&lt;group&gt;</string>
		</dict>
		<key>50379B232058CBB4000EE86E</key>
		<dict>
			<key>fileRef</key>
			<string>50379B222058CBB4000EE86E</string>
			<key>isa</key>
			<string>PBXBuildFile</string>
		</dict>
		<key>504EC2FB1FED79650016851F</key>
		<dict>
			<key>children</key>
			<array>
				<string>D3490CDA2E7CEA3900E796A6</string>
				<string>504EC3061FED79650016851F</string>
				<string>5FFF7D6B27E343FA00B00DA8</string>
				<string>D3490CC92E7CE9EA00E796A6</string>
				<string>504EC3051FED79650016851F</string>
				<string>D337740F89DEEAD18C87762B</string>
				<string>9FC5AB18C7E7E43B09B33A61</string>
			</array>
			<key>isa</key>
			<string>PBXGroup</string>
			<key>sourceTree</key>
			<string>&lt;group&gt;</string>
		</dict>
		<key>504EC2FC1FED79650016851F</key>
		<dict>
			<key>attributes</key>
			<dict>
				<key>LastSwiftUpdateCheck</key>
				<string>2600</string>
				<key>LastUpgradeCheck</key>
				<string>1310</string>
				<key>TargetAttributes</key>
				<dict>
					<key>504EC3031FED79650016851F</key>
					<dict>
						<key>CreatedOnToolsVersion</key>
						<string>9.2</string>
						<key>LastSwiftMigration</key>
						<string>1250</string>
						<key>ProvisioningStyle</key>
						<string>Manual</string>
					</dict>
					<key>5FFF7D6927E343FA00B00DA8</key>
					<dict>
						<key>CreatedOnToolsVersion</key>
						<string>13.3</string>
						<key>ProvisioningStyle</key>
						<string>Manual</string>
					</dict>
					<key>D3490CC32E7CE9EA00E796A6</key>
					<dict>
						<key>CreatedOnToolsVersion</key>
						<string>26.0</string>
					</dict>
				</dict>
			</dict>
			<key>buildConfigurationList</key>
			<string>504EC2FF1FED79650016851F</string>
			<key>compatibilityVersion</key>
			<string>Xcode 8.0</string>
			<key>developmentRegion</key>
			<string>en</string>
			<key>hasScannedForEncodings</key>
			<string>0</string>
			<key>isa</key>
			<string>PBXProject</string>
			<key>knownRegions</key>
			<array>
				<string>en</string>
				<string>Base</string>
			</array>
			<key>mainGroup</key>
			<string>504EC2FB1FED79650016851F</string>
			<key>productRefGroup</key>
			<string>504EC3051FED79650016851F</string>
			<key>projectDirPath</key>
			<string></string>
			<key>projectRoot</key>
			<string></string>
			<key>targets</key>
			<array>
				<string>504EC3031FED79650016851F</string>
				<string>5FFF7D6927E343FA00B00DA8</string>
				<string>D3490CC32E7CE9EA00E796A6</string>
			</array>
		</dict>
		<key>504EC2FF1FED79650016851F</key>
		<dict>
			<key>buildConfigurations</key>
			<array>
				<string>504EC3141FED79650016851F</string>
				<string>504EC3151FED79650016851F</string>
			</array>
			<key>defaultConfigurationIsVisible</key>
			<string>0</string>
			<key>defaultConfigurationName</key>
			<string>Release</string>
			<key>isa</key>
			<string>XCConfigurationList</string>
		</dict>
		<key>504EC3001FED79650016851F</key>
		<dict>
			<key>buildActionMask</key>
			<string>2147483647</string>
			<key>files</key>
			<array>
				<string>504EC3081FED79650016851F</string>
				<string>5FF8632C283B5BFD0047731B</string>
				<string>FE647FF427BDFEDE00F3206B</string>
				<string>D3989CC22ECB0E5700D06615</string>
				<string>D3989CC32ECB0E5700D06615</string>
				<string>D3989CC42ECB0E5700D06615</string>
				<string>D3989CC52ECB0E5700D06615</string>
				<string>D3989CC82ECB174A00D06615</string>
				<string>5FF8632A283B5ADB0047731B</string>
				<string>CBF2D2E22DE95970006338BE</string>
				<string>D3D62A0A275C92880003FBDC</string>
				<string>CBF2D2DA2DE83CB8006338BE</string>
				<string>ABCDEF0123456789000000AB</string>
				<string>D3F4A5B62F1234567890ABCE</string>
				<string>D3F4A5B62F1234567890ABD4</string>
				<string>D3F4A5B62F1234567890ABD1</string>
				<string>A1B2C3D41E2F3A4B5C6D7E90</string>
				<string>D3C620AA2ED4B9A80009CCDA</string>
				<string>A1B2C3D41E2F3A4B5C6D7E92</string>
				<string>D3D62A0C275C928F0003FBDC</string>
				<string>7435D10F2704660B00AB88E0</string>
				<string>D39D1FE12E7DAFB000C903D1</string>
				<string>7435D10C2704659F00AB88E0</string>
				<string>FE647FF627BDFEF500F3206B</string>
			</array>
			<key>isa</key>
			<string>PBXSourcesBuildPhase</string>
			<key>runOnlyForDeploymentPostprocessing</key>
			<string>0</string>
		</dict>
		<key>504EC3011FED79650016851F</key>
		<dict>
			<key>buildActionMask</key>
			<string>2147483647</string>
			<key>files</key>
			<array>
				<string>D32752BE275496C60039291C</string>
				<string>C3718FCEFAECFFB66E93FFC4</string>
			</array>
			<key>isa</key>
			<string>PBXFrameworksBuildPhase</string>
			<key>runOnlyForDeploymentPostprocessing</key>
			<string>0</string>
		</dict>
		<key>504EC3021FED79650016851F</key>
		<dict>
			<key>buildActionMask</key>
			<string>2147483647</string>
			<key>files</key>
			<array>
				<string>504EC3121FED79650016851F</string>
				<string>50B271D11FEDC1A000F3C39B</string>
				<string>504EC30F1FED79650016851F</string>
				<string>50379B232058CBB4000EE86E</string>
				<string>504EC30D1FED79650016851F</string>
				<string>2FAD9763203C412B000D30F8</string>
			</array>
			<key>isa</key>
			<string>PBXResourcesBuildPhase</string>
			<key>runOnlyForDeploymentPostprocessing</key>
			<string>0</string>
		</dict>
		<key>504EC3031FED79650016851F</key>
		<dict>
			<key>buildConfigurationList</key>
			<string>504EC3161FED79650016851F</string>
			<key>buildPhases</key>
			<array>
				<string>818545F0788D5DB466761623</string>
				<string>504EC3001FED79650016851F</string>
				<string>504EC3011FED79650016851F</string>
				<string>504EC3021FED79650016851F</string>
				<string>4BF32F1E9453A6AB603D7CD2</string>
				<string>5FFF7D7527E343FA00B00DA8</string>
			</array>
			<key>buildRules</key>
			<array/>
			<key>dependencies</key>
			<array>
				<string>5FFF7D7327E343FA00B00DA8</string>
				<string>D3490CD42E7CE9EB00E796A6</string>
			</array>
			<key>isa</key>
			<string>PBXNativeTarget</string>
			<key>name</key>
			<string>Logseq</string>
			<key>productName</key>
			<string>App</string>
			<key>productReference</key>
			<string>504EC3041FED79650016851F</string>
			<key>productType</key>
			<string>com.apple.product-type.application</string>
		</dict>
		<key>504EC3041FED79650016851F</key>
		<dict>
			<key>explicitFileType</key>
			<string>wrapper.application</string>
			<key>includeInIndex</key>
			<string>0</string>
			<key>isa</key>
			<string>PBXFileReference</string>
			<key>path</key>
			<string>Logseq.app</string>
			<key>sourceTree</key>
			<string>BUILT_PRODUCTS_DIR</string>
		</dict>
		<key>504EC3051FED79650016851F</key>
		<dict>
			<key>children</key>
			<array>
				<string>504EC3041FED79650016851F</string>
				<string>5FFF7D6A27E343FA00B00DA8</string>
				<string>D3490CC42E7CE9EA00E796A6</string>
			</array>
			<key>isa</key>
			<string>PBXGroup</string>
			<key>name</key>
			<string>Products</string>
			<key>sourceTree</key>
			<string>&lt;group&gt;</string>
		</dict>
		<key>504EC3061FED79650016851F</key>
		<dict>
			<key>children</key>
			<array>
				<string>D3C620A92ED4B9A80009CCDA</string>
				<string>D3989CC72ECB174A00D06615</string>
				<string>D3989CBD2ECB0E5700D06615</string>
				<string>D3989CBE2ECB0E5700D06615</string>
				<string>D3989CBF2ECB0E5700D06615</string>
				<string>D3989CC02ECB0E5700D06615</string>
				<string>D39D1FDF2E7DAFB000C903D1</string>
				<string>A1B2C3D41E2F3A4B5C6D7E8F</string>
				<string>A1B2C3D41E2F3A4B5C6D7E91</string>
				<string>CBF2D2E12DE95970006338BE</string>
				<string>CBF2D2D92DE83CB0006338BE</string>
				<string>ABCDEF0123456789000000AA</string>
				<string>D3F4A5B62F1234567890ABCD</string>
				<string>D3F4A5B62F1234567890ABD3</string>
				<string>D3F4A5B62F1234567890ABCF</string>
				<string>5FF86329283B5ADB0047731B</string>
				<string>5FF8632B283B5BFD0047731B</string>
				<string>D32752BF2754C5AB0039291C</string>
				<string>D32752BC275496A60039291C</string>
				<string>50379B222058CBB4000EE86E</string>
				<string>504EC3071FED79650016851F</string>
				<string>504EC30B1FED79650016851F</string>
				<string>504EC30E1FED79650016851F</string>
				<string>504EC3101FED79650016851F</string>
				<string>504EC3131FED79650016851F</string>
				<string>2FAD9762203C412B000D30F8</string>
				<string>50B271D01FEDC1A000F3C39B</string>
				<string>7435D10B2704659F00AB88E0</string>
				<string>FE647FF327BDFEDE00F3206B</string>
				<string>FE647FF527BDFEF500F3206B</string>
				<string>7435D10E2704660B00AB88E0</string>
				<string>D3D62A09275C92880003FBDC</string>
				<string>D3D62A0B275C928F0003FBDC</string>
				<string>7435D10D2704660A00AB88E0</string>
			</array>
			<key>isa</key>
			<string>PBXGroup</string>
			<key>path</key>
			<string>App</string>
			<key>sourceTree</key>
			<string>&lt;group&gt;</string>
		</dict>
		<key>504EC3071FED79650016851F</key>
		<dict>
			<key>isa</key>
			<string>PBXFileReference</string>
			<key>lastKnownFileType</key>
			<string>sourcecode.swift</string>
			<key>path</key>
			<string>AppDelegate.swift</string>
			<key>sourceTree</key>
			<string>&lt;group&gt;</string>
		</dict>
		<key>504EC3081FED79650016851F</key>
		<dict>
			<key>fileRef</key>
			<string>504EC3071FED79650016851F</string>
			<key>isa</key>
			<string>PBXBuildFile</string>
		</dict>
		<key>504EC30B1FED79650016851F</key>
		<dict>
			<key>children</key>
			<array>
				<string>504EC30C1FED79650016851F</string>
			</array>
			<key>isa</key>
			<string>PBXVariantGroup</string>
			<key>name</key>
			<string>Main.storyboard</string>
			<key>sourceTree</key>
			<string>&lt;group&gt;</string>
		</dict>
		<key>504EC30C1FED79650016851F</key>
		<dict>
			<key>isa</key>
			<string>PBXFileReference</string>
			<key>lastKnownFileType</key>
			<string>file.storyboard</string>
			<key>name</key>
			<string>Base</string>
			<key>path</key>
			<string>Base.lproj/Main.storyboard</string>
			<key>sourceTree</key>
			<string>&lt;group&gt;</string>
		</dict>
		<key>504EC30D1FED79650016851F</key>
		<dict>
			<key>fileRef</key>
			<string>504EC30B1FED79650016851F</string>
			<key>isa</key>
			<string>PBXBuildFile</string>
		</dict>
		<key>504EC30E1FED79650016851F</key>
		<dict>
			<key>isa</key>
			<string>PBXFileReference</string>
			<key>lastKnownFileType</key>
			<string>folder.assetcatalog</string>
			<key>path</key>
			<string>Assets.xcassets</string>
			<key>sourceTree</key>
			<string>&lt;group&gt;</string>
		</dict>
		<key>504EC30F1FED79650016851F</key>
		<dict>
			<key>fileRef</key>
			<string>504EC30E1FED79650016851F</string>
			<key>isa</key>
			<string>PBXBuildFile</string>
		</dict>
		<key>504EC3101FED79650016851F</key>
		<dict>
			<key>children</key>
			<array>
				<string>504EC3111FED79650016851F</string>
			</array>
			<key>isa</key>
			<string>PBXVariantGroup</string>
			<key>name</key>
			<string>LaunchScreen.storyboard</string>
			<key>sourceTree</key>
			<string>&lt;group&gt;</string>
		</dict>
		<key>504EC3111FED79650016851F</key>
		<dict>
			<key>isa</key>
			<string>PBXFileReference</string>
			<key>lastKnownFileType</key>
			<string>file.storyboard</string>
			<key>name</key>
			<string>Base</string>
			<key>path</key>
			<string>Base.lproj/LaunchScreen.storyboard</string>
			<key>sourceTree</key>
			<string>&lt;group&gt;</string>
		</dict>
		<key>504EC3121FED79650016851F</key>
		<dict>
			<key>fileRef</key>
			<string>504EC3101FED79650016851F</string>
			<key>isa</key>
			<string>PBXBuildFile</string>
		</dict>
		<key>504EC3131FED79650016851F</key>
		<dict>
			<key>isa</key>
			<string>PBXFileReference</string>
			<key>lastKnownFileType</key>
			<string>text.plist.xml</string>
			<key>path</key>
			<string>Info.plist</string>
			<key>sourceTree</key>
			<string>&lt;group&gt;</string>
		</dict>
		<key>504EC3141FED79650016851F</key>
		<dict>
			<key>buildSettings</key>
			<dict>
				<key>ALWAYS_SEARCH_USER_PATHS</key>
				<string>NO</string>
				<key>CLANG_ANALYZER_NONNULL</key>
				<string>YES</string>
				<key>CLANG_ANALYZER_NUMBER_OBJECT_CONVERSION</key>
				<string>YES_AGGRESSIVE</string>
				<key>CLANG_CXX_LANGUAGE_STANDARD</key>
				<string>gnu++14</string>
				<key>CLANG_CXX_LIBRARY</key>
				<string>libc++</string>
				<key>CLANG_ENABLE_MODULES</key>
				<string>YES</string>
				<key>CLANG_ENABLE_OBJC_ARC</key>
				<string>YES</string>
				<key>CLANG_WARN_BLOCK_CAPTURE_AUTORELEASING</key>
				<string>YES</string>
				<key>CLANG_WARN_BOOL_CONVERSION</key>
				<string>YES</string>
				<key>CLANG_WARN_COMMA</key>
				<string>YES</string>
				<key>CLANG_WARN_CONSTANT_CONVERSION</key>
				<string>YES</string>
				<key>CLANG_WARN_DEPRECATED_OBJC_IMPLEMENTATIONS</key>
				<string>YES</string>
				<key>CLANG_WARN_DIRECT_OBJC_ISA_USAGE</key>
				<string>YES_ERROR</string>
				<key>CLANG_WARN_DOCUMENTATION_COMMENTS</key>
				<string>YES</string>
				<key>CLANG_WARN_EMPTY_BODY</key>
				<string>YES</string>
				<key>CLANG_WARN_ENUM_CONVERSION</key>
				<string>YES</string>
				<key>CLANG_WARN_INFINITE_RECURSION</key>
				<string>YES</string>
				<key>CLANG_WARN_INT_CONVERSION</key>
				<string>YES</string>
				<key>CLANG_WARN_NON_LITERAL_NULL_CONVERSION</key>
				<string>YES</string>
				<key>CLANG_WARN_OBJC_IMPLICIT_RETAIN_SELF</key>
				<string>YES</string>
				<key>CLANG_WARN_OBJC_LITERAL_CONVERSION</key>
				<string>YES</string>
				<key>CLANG_WARN_OBJC_ROOT_CLASS</key>
				<string>YES_ERROR</string>
				<key>CLANG_WARN_QUOTED_INCLUDE_IN_FRAMEWORK_HEADER</key>
				<string>YES</string>
				<key>CLANG_WARN_RANGE_LOOP_ANALYSIS</key>
				<string>YES</string>
				<key>CLANG_WARN_STRICT_PROTOTYPES</key>
				<string>YES</string>
				<key>CLANG_WARN_SUSPICIOUS_MOVE</key>
				<string>YES</string>
				<key>CLANG_WARN_UNGUARDED_AVAILABILITY</key>
				<string>YES_AGGRESSIVE</string>
				<key>CLANG_WARN_UNREACHABLE_CODE</key>
				<string>YES</string>
				<key>CLANG_WARN__DUPLICATE_METHOD_MATCH</key>
				<string>YES</string>
				<key>CODE_SIGN_IDENTITY</key>
				<string>iPhone Developer</string>
				<key>COPY_PHASE_STRIP</key>
				<string>NO</string>
				<key>DEBUG_INFORMATION_FORMAT</key>
				<string>dwarf</string>
				<key>ENABLE_STRICT_OBJC_MSGSEND</key>
				<string>YES</string>
				<key>ENABLE_TESTABILITY</key>
				<string>YES</string>
				<key>GCC_C_LANGUAGE_STANDARD</key>
				<string>gnu11</string>
				<key>GCC_DYNAMIC_NO_PIC</key>
				<string>NO</string>
				<key>GCC_NO_COMMON_BLOCKS</key>
				<string>YES</string>
				<key>GCC_OPTIMIZATION_LEVEL</key>
				<string>0</string>
				<key>GCC_PREPROCESSOR_DEFINITIONS</key>
				<array>
					<string>DEBUG=1</string>
					<string>$(inherited)</string>
				</array>
				<key>GCC_WARN_64_TO_32_BIT_CONVERSION</key>
				<string>YES</string>
				<key>GCC_WARN_ABOUT_RETURN_TYPE</key>
				<string>YES_ERROR</string>
				<key>GCC_WARN_UNDECLARED_SELECTOR</key>
				<string>YES</string>
				<key>GCC_WARN_UNINITIALIZED_AUTOS</key>
				<string>YES_AGGRESSIVE</string>
				<key>GCC_WARN_UNUSED_FUNCTION</key>
				<string>YES</string>
				<key>GCC_WARN_UNUSED_VARIABLE</key>
				<string>YES</string>
				<key>IPHONEOS_DEPLOYMENT_TARGET</key>
				<string>14.0</string>
				<key>MTL_ENABLE_DEBUG_INFO</key>
				<string>YES</string>
				<key>ONLY_ACTIVE_ARCH</key>
				<string>YES</string>
				<key>SDKROOT</key>
				<string>iphoneos</string>
				<key>SWIFT_ACTIVE_COMPILATION_CONDITIONS</key>
				<string>DEBUG</string>
				<key>SWIFT_OPTIMIZATION_LEVEL</key>
				<string>-Onone</string>
			</dict>
			<key>isa</key>
			<string>XCBuildConfiguration</string>
			<key>name</key>
			<string>Debug</string>
		</dict>
		<key>504EC3151FED79650016851F</key>
		<dict>
			<key>buildSettings</key>
			<dict>
				<key>ALWAYS_SEARCH_USER_PATHS</key>
				<string>NO</string>
				<key>CLANG_ANALYZER_NONNULL</key>
				<string>YES</string>
				<key>CLANG_ANALYZER_NUMBER_OBJECT_CONVERSION</key>
				<string>YES_AGGRESSIVE</string>
				<key>CLANG_CXX_LANGUAGE_STANDARD</key>
				<string>gnu++14</string>
				<key>CLANG_CXX_LIBRARY</key>
				<string>libc++</string>
				<key>CLANG_ENABLE_MODULES</key>
				<string>YES</string>
				<key>CLANG_ENABLE_OBJC_ARC</key>
				<string>YES</string>
				<key>CLANG_WARN_BLOCK_CAPTURE_AUTORELEASING</key>
				<string>YES</string>
				<key>CLANG_WARN_BOOL_CONVERSION</key>
				<string>YES</string>
				<key>CLANG_WARN_COMMA</key>
				<string>YES</string>
				<key>CLANG_WARN_CONSTANT_CONVERSION</key>
				<string>YES</string>
				<key>CLANG_WARN_DEPRECATED_OBJC_IMPLEMENTATIONS</key>
				<string>YES</string>
				<key>CLANG_WARN_DIRECT_OBJC_ISA_USAGE</key>
				<string>YES_ERROR</string>
				<key>CLANG_WARN_DOCUMENTATION_COMMENTS</key>
				<string>YES</string>
				<key>CLANG_WARN_EMPTY_BODY</key>
				<string>YES</string>
				<key>CLANG_WARN_ENUM_CONVERSION</key>
				<string>YES</string>
				<key>CLANG_WARN_INFINITE_RECURSION</key>
				<string>YES</string>
				<key>CLANG_WARN_INT_CONVERSION</key>
				<string>YES</string>
				<key>CLANG_WARN_NON_LITERAL_NULL_CONVERSION</key>
				<string>YES</string>
				<key>CLANG_WARN_OBJC_IMPLICIT_RETAIN_SELF</key>
				<string>YES</string>
				<key>CLANG_WARN_OBJC_LITERAL_CONVERSION</key>
				<string>YES</string>
				<key>CLANG_WARN_OBJC_ROOT_CLASS</key>
				<string>YES_ERROR</string>
				<key>CLANG_WARN_QUOTED_INCLUDE_IN_FRAMEWORK_HEADER</key>
				<string>YES</string>
				<key>CLANG_WARN_RANGE_LOOP_ANALYSIS</key>
				<string>YES</string>
				<key>CLANG_WARN_STRICT_PROTOTYPES</key>
				<string>YES</string>
				<key>CLANG_WARN_SUSPICIOUS_MOVE</key>
				<string>YES</string>
				<key>CLANG_WARN_UNGUARDED_AVAILABILITY</key>
				<string>YES_AGGRESSIVE</string>
				<key>CLANG_WARN_UNREACHABLE_CODE</key>
				<string>YES</string>
				<key>CLANG_WARN__DUPLICATE_METHOD_MATCH</key>
				<string>YES</string>
				<key>CODE_SIGN_IDENTITY</key>
				<string>iPhone Developer</string>
				<key>COPY_PHASE_STRIP</key>
				<string>NO</string>
				<key>DEBUG_INFORMATION_FORMAT</key>
				<string>dwarf-with-dsym</string>
				<key>ENABLE_NS_ASSERTIONS</key>
				<string>NO</string>
				<key>ENABLE_STRICT_OBJC_MSGSEND</key>
				<string>YES</string>
				<key>GCC_C_LANGUAGE_STANDARD</key>
				<string>gnu11</string>
				<key>GCC_NO_COMMON_BLOCKS</key>
				<string>YES</string>
				<key>GCC_WARN_64_TO_32_BIT_CONVERSION</key>
				<string>YES</string>
				<key>GCC_WARN_ABOUT_RETURN_TYPE</key>
				<string>YES_ERROR</string>
				<key>GCC_WARN_UNDECLARED_SELECTOR</key>
				<string>YES</string>
				<key>GCC_WARN_UNINITIALIZED_AUTOS</key>
				<string>YES_AGGRESSIVE</string>
				<key>GCC_WARN_UNUSED_FUNCTION</key>
				<string>YES</string>
				<key>GCC_WARN_UNUSED_VARIABLE</key>
				<string>YES</string>
				<key>IPHONEOS_DEPLOYMENT_TARGET</key>
				<string>14.0</string>
				<key>MTL_ENABLE_DEBUG_INFO</key>
				<string>NO</string>
				<key>SDKROOT</key>
				<string>iphoneos</string>
				<key>SWIFT_COMPILATION_MODE</key>
				<string>wholemodule</string>
				<key>SWIFT_OPTIMIZATION_LEVEL</key>
				<string>-O</string>
				<key>VALIDATE_PRODUCT</key>
				<string>YES</string>
			</dict>
			<key>isa</key>
			<string>XCBuildConfiguration</string>
			<key>name</key>
			<string>Release</string>
		</dict>
		<key>504EC3161FED79650016851F</key>
		<dict>
			<key>buildConfigurations</key>
			<array>
				<string>504EC3171FED79650016851F</string>
				<string>504EC3181FED79650016851F</string>
			</array>
			<key>defaultConfigurationIsVisible</key>
			<string>0</string>
			<key>defaultConfigurationName</key>
			<string>Release</string>
			<key>isa</key>
			<string>XCConfigurationList</string>
		</dict>
		<key>504EC3171FED79650016851F</key>
		<dict>
			<key>baseConfigurationReference</key>
			<string>DE5650F4AD4E2242AB9C012D</string>
			<key>buildSettings</key>
			<dict>
				<key>ALWAYS_EMBED_SWIFT_STANDARD_LIBRARIES</key>
				<string>YES</string>
				<key>ASSETCATALOG_COMPILER_APPICON_NAME</key>
				<string>AppIcon</string>
				<key>CLANG_ENABLE_MODULES</key>
				<string>YES</string>
				<key>CODE_SIGN_ENTITLEMENTS</key>
				<string>App/AppDebug.entitlements</string>
				<key>CODE_SIGN_IDENTITY</key>
				<string>Apple Development</string>
				<key>CODE_SIGN_IDENTITY[sdk=iphoneos*]</key>
				<string>iPhone Distribution</string>
				<key>CODE_SIGN_STYLE</key>
				<string>Manual</string>
				<key>CURRENT_PROJECT_VERSION</key>
				<string>2</string>
				<key>DEVELOPMENT_TEAM</key>
				<string></string>
				<key>DEVELOPMENT_TEAM[sdk=iphoneos*]</key>
				<string>TEAMID1234</string>
				<key>ENABLE_BITCODE</key>
				<string>NO</string>
				<key>INFOPLIST_FILE</key>
				<string>App/Info.plist</string>
				<key>INFOPLIST_KEY_LSApplicationCategoryType</key>
				<string>public.app-category.productivity</string>
				<key>IPHONEOS_DEPLOYMENT_TARGET</key>
				<string>16.6</string>
				<key>LD_RUNPATH_SEARCH_PATHS</key>
				<array>
					<string>$(inherited)</string>
					<string>@executable_path/Frameworks</string>
				</array>
				<key>MARKETING_VERSION</key>
				<string>2.0.1</string>
				<key>OTHER_SWIFT_FLAGS</key>
				<string>$(inherited) "-D" "COCOAPODS" "-DDEBUG"</string>
				<key>PRODUCT_BUNDLE_IDENTIFIER</key>
				<string>com.firehazard.oyster</string>
				<key>PRODUCT_NAME</key>
				<string>$(TARGET_NAME)</string>
				<key>PROVISIONING_PROFILE_SPECIFIER</key>
				<string></string>
				<key>PROVISIONING_PROFILE_SPECIFIER[sdk=iphoneos*]</key>
				<string>match AppStore com.firehazard.oyster</string>
				<key>SWIFT_ACTIVE_COMPILATION_CONDITIONS</key>
				<string>DEBUG</string>
				<key>SWIFT_OBJC_BRIDGING_HEADER</key>
				<string>App/App-Bridging-Header.h</string>
				<key>SWIFT_OPTIMIZATION_LEVEL</key>
				<string>-Onone</string>
				<key>SWIFT_VERSION</key>
				<string>5.0</string>
				<key>TARGETED_DEVICE_FAMILY</key>
				<string>1,2</string>
			</dict>
			<key>isa</key>
			<string>XCBuildConfiguration</string>
			<key>name</key>
			<string>Debug</string>
		</dict>
		<key>504EC3181FED79650016851F</key>
		<dict>
			<key>baseConfigurationReference</key>
			<string>8A489CEC51E94726DDD58810</string>
			<key>buildSettings</key>
			<dict>
				<key>ALWAYS_EMBED_SWIFT_STANDARD_LIBRARIES</key>
				<string>YES</string>
				<key>ASSETCATALOG_COMPILER_APPICON_NAME</key>
				<string>AppIcon</string>
				<key>CLANG_ENABLE_MODULES</key>
				<string>YES</string>
				<key>CODE_SIGN_ENTITLEMENTS</key>
				<string>App/App.entitlements</string>
				<key>CODE_SIGN_IDENTITY</key>
				<string>Apple Development</string>
				<key>CODE_SIGN_IDENTITY[sdk=iphoneos*]</key>
				<string>iPhone Distribution</string>
				<key>CODE_SIGN_STYLE</key>
				<string>Manual</string>
				<key>CURRENT_PROJECT_VERSION</key>
				<string>2</string>
				<key>DEVELOPMENT_TEAM</key>
				<string></string>
				<key>DEVELOPMENT_TEAM[sdk=iphoneos*]</key>
				<string>TEAMID1234</string>
				<key>ENABLE_BITCODE</key>
				<string>NO</string>
				<key>INFOPLIST_FILE</key>
				<string>App/Info.plist</string>
				<key>INFOPLIST_KEY_LSApplicationCategoryType</key>
				<string>public.app-category.productivity</string>
				<key>IPHONEOS_DEPLOYMENT_TARGET</key>
				<string>16.6</string>
				<key>LD_RUNPATH_SEARCH_PATHS</key>
				<array>
					<string>$(inherited)</string>
					<string>@executable_path/Frameworks</string>
				</array>
				<key>MARKETING_VERSION</key>
				<string>2.0.1</string>
				<key>PRODUCT_BUNDLE_IDENTIFIER</key>
				<string>com.firehazard.oyster</string>
				<key>PRODUCT_NAME</key>
				<string>$(TARGET_NAME)</string>
				<key>PROVISIONING_PROFILE_SPECIFIER</key>
				<string></string>
				<key>PROVISIONING_PROFILE_SPECIFIER[sdk=iphoneos*]</key>
				<string>match AppStore com.firehazard.oyster</string>
				<key>SWIFT_ACTIVE_COMPILATION_CONDITIONS</key>
				<string></string>
				<key>SWIFT_OBJC_BRIDGING_HEADER</key>
				<string>App/App-Bridging-Header.h</string>
				<key>SWIFT_VERSION</key>
				<string>5.0</string>
				<key>TARGETED_DEVICE_FAMILY</key>
				<string>1,2</string>
			</dict>
			<key>isa</key>
			<string>XCBuildConfiguration</string>
			<key>name</key>
			<string>Release</string>
		</dict>
		<key>50B271D01FEDC1A000F3C39B</key>
		<dict>
			<key>isa</key>
			<string>PBXFileReference</string>
			<key>lastKnownFileType</key>
			<string>folder</string>
			<key>path</key>
			<string>public</string>
			<key>sourceTree</key>
			<string>&lt;group&gt;</string>
		</dict>
		<key>50B271D11FEDC1A000F3C39B</key>
		<dict>
			<key>fileRef</key>
			<string>50B271D01FEDC1A000F3C39B</string>
			<key>isa</key>
			<string>PBXBuildFile</string>
		</dict>
		<key>5FF86329283B5ADB0047731B</key>
		<dict>
			<key>fileEncoding</key>
			<string>4</string>
			<key>isa</key>
			<string>PBXFileReference</string>
			<key>lastKnownFileType</key>
			<string>sourcecode.swift</string>
			<key>path</key>
			<string>Utils.swift</string>
			<key>sourceTree</key>
			<string>&lt;group&gt;</string>
		</dict>
		<key>5FF8632A283B5ADB0047731B</key>
		<dict>
			<key>fileRef</key>
			<string>5FF86329283B5ADB0047731B</string>
			<key>isa</key>
			<string>PBXBuildFile</string>
		</dict>
		<key>5FF8632B283B5BFD0047731B</key>
		<dict>
			<key>isa</key>
			<string>PBXFileReference</string>
			<key>lastKnownFileType</key>
			<string>sourcecode.c.objc</string>
			<key>path</key>
			<string>Utils.m</string>
			<key>sourceTree</key>
			<string>&lt;group&gt;</string>
		</dict>
		<key>5FF8632C283B5BFD0047731B</key>
		<dict>
			<key>fileRef</key>
			<string>5FF8632B283B5BFD0047731B</string>
			<key>isa</key>
			<string>PBXBuildFile</string>
		</dict>
		<key>5FFF7D6627E343FA00B00DA8</key>
		<dict>
			<key>buildActionMask</key>
			<string>2147483647</string>
			<key>files</key>
			<array>
				<string>FE96D6102A1B811A001ECE32</string>
				<string>5FFF7D6D27E343FA00B00DA8</string>
			</array>
			<key>isa</key>
			<string>PBXSourcesBuildPhase</string>
			<key>runOnlyForDeploymentPostprocessing</key>
			<string>0</string>
		</dict>
		<key>5FFF7D6727E343FA00B00DA8</key>
		<dict>
			<key>buildActionMask</key>
			<string>2147483647</string>
			<key>files</key>
			<array/>
			<key>isa</key>
			<string>PBXFrameworksBuildPhase</string>
			<key>runOnlyForDeploymentPostprocessing</key>
			<string>0</string>
		</dict>
		<key>5FFF7D6827E343FA00B00DA8</key>
		<dict>
			<key>buildActionMask</key>
			<string>2147483647</string>
			<key>files</key>
			<array>
				<string>5FFF7D7027E343FA00B00DA8</string>
			</array>
			<key>isa</key>
			<string>PBXResourcesBuildPhase</string>
			<key>runOnlyForDeploymentPostprocessing</key>
			<string>0</string>
		</dict>
		<key>5FFF7D6927E343FA00B00DA8</key>
		<dict>
			<key>buildConfigurationList</key>
			<string>5FFF7D7827E343FA00B00DA8</string>
			<key>buildPhases</key>
			<array>
				<string>5FFF7D6627E343FA00B00DA8</string>
				<string>5FFF7D6727E343FA00B00DA8</string>
				<string>5FFF7D6827E343FA00B00DA8</string>
			</array>
			<key>buildRules</key>
			<array/>
			<key>dependencies</key>
			<array/>
			<key>isa</key>
			<string>PBXNativeTarget</string>
			<key>name</key>
			<string>ShareViewController</string>
			<key>productName</key>
			<string>ShareViewController</string>
			<key>productReference</key>
			<string>5FFF7D6A27E343FA00B00DA8</string>
			<key>productType</key>
			<string>com.apple.product-type.app-extension</string>
		</dict>
		<key>5FFF7D6A27E343FA00B00DA8</key>
		<dict>
			<key>explicitFileType</key>
			<string>wrapper.app-extension</string>
			<key>includeInIndex</key>
			<string>0</string>
			<key>isa</key>
			<string>PBXFileReference</string>
			<key>path</key>
			<string>ShareViewController.appex</string>
			<key>sourceTree</key>
			<string>BUILT_PRODUCTS_DIR</string>
		</dict>
		<key>5FFF7D6B27E343FA00B00DA8</key>
		<dict>
			<key>children</key>
			<array>
				<string>5FFF7D7927E4E70700B00DA8</string>
				<string>5FFF7D6C27E343FA00B00DA8</string>
				<string>FE96D60F2A1B811A001ECE32</string>
				<string>5FFF7D6E27E343FA00B00DA8</string>
				<string>5FFF7D7127E343FA00B00DA8</string>
			</array>
			<key>isa</key>
			<string>PBXGroup</string>
			<key>path</key>
			<string>ShareViewController</string>
			<key>sourceTree</key>
			<string>&lt;group&gt;</string>
		</dict>
		<key>5FFF7D6C27E343FA00B00DA8</key>
		<dict>
			<key>isa</key>
			<string>PBXFileReference</string>
			<key>lastKnownFileType</key>
			<string>sourcecode.swift</string>
			<key>path</key>
			<string>ShareViewController.swift</string>
			<key>sourceTree</key>
			<string>&lt;group&gt;</string>
		</dict>
		<key>5FFF7D6D27E343FA00B00DA8</key>
		<dict>
			<key>fileRef</key>
			<string>5FFF7D6C27E343FA00B00DA8</string>
			<key>isa</key>
			<string>PBXBuildFile</string>
		</dict>
		<key>5FFF7D6E27E343FA00B00DA8</key>
		<dict>
			<key>children</key>
			<array>
				<string>5FFF7D6F27E343FA00B00DA8</string>
			</array>
			<key>isa</key>
			<string>PBXVariantGroup</string>
			<key>name</key>
			<string>MainInterface.storyboard</string>
			<key>sourceTree</key>
			<string>&lt;group&gt;</string>
		</dict>
		<key>5FFF7D6F27E343FA00B00DA8</key>
		<dict>
			<key>isa</key>
			<string>PBXFileReference</string>
			<key>lastKnownFileType</key>
			<string>file.storyboard</string>
			<key>name</key>
			<string>Base</string>
			<key>path</key>
			<string>Base.lproj/MainInterface.storyboard</string>
			<key>sourceTree</key>
			<string>&lt;group&gt;</string>
		</dict>
		<key>5FFF7D7027E343FA00B00DA8</key>
		<dict>
			<key>fileRef</key>
			<string>5FFF7D6E27E343FA00B00DA8</string>
			<key>isa</key>
			<string>PBXBuildFile</string>
		</dict>
		<key>5FFF7D7127E343FA00B00DA8</key>
		<dict>
			<key>isa</key>
			<string>PBXFileReference</string>
			<key>lastKnownFileType</key>
			<string>text.plist.xml</string>
			<key>path</key>
			<string>Info.plist</string>
			<key>sourceTree</key>
			<string>&lt;group&gt;</string>
		</dict>
		<key>5FFF7D7227E343FA00B00DA8</key>
		<dict>
			<key>containerPortal</key>
			<string>504EC2FC1FED79650016851F</string>
			<key>isa</key>
			<string>PBXContainerItemProxy</string>
			<key>proxyType</key>
			<string>1</string>
			<key>remoteGlobalIDString</key>
			<string>5FFF7D6927E343FA00B00DA8</string>
			<key>remoteInfo</key>
			<string>ShareViewController</string>
		</dict>
		<key>5FFF7D7327E343FA00B00DA8</key>
		<dict>
			<key>isa</key>
			<string>PBXTargetDependency</string>
			<key>target</key>
			<string>5FFF7D6927E343FA00B00DA8</string>
			<key>targetProxy</key>
			<string>5FFF7D7227E343FA00B00DA8</string>
		</dict>
		<key>5FFF7D7427E343FA00B00DA8</key>
		<dict>
			<key>fileRef</key>
			<string>5FFF7D6A27E343FA00B00DA8</string>
			<key>isa</key>
			<string>PBXBuildFile</string>
			<key>settings</key>
			<dict>
				<key>ATTRIBUTES</key>
				<array>
					<string>RemoveHeadersOnCopy</string>
				</array>
			</dict>
		</dict>
		<key>5FFF7D7527E343FA00B00DA8</key>
		<dict>
			<key>buildActionMask</key>
			<string>2147483647</string>
			<key>dstPath</key>
			<string></string>
			<key>dstSubfolderSpec</key>
			<string>13</string>
			<key>files</key>
			<array>
				<string>D3490CD52E7CE9EB00E796A6</string>
				<string>5FFF7D7427E343FA00B00DA8</string>
			</array>
			<key>isa</key>
			<string>PBXCopyFilesBuildPhase</string>
			<key>name</key>
			<string>Embed App Extensions</string>
			<key>runOnlyForDeploymentPostprocessing</key>
			<string>0</string>
		</dict>
		<key>5FFF7D7627E343FA00B00DA8</key>
		<dict>
			<key>buildSettings</key>
			<dict>
				<key>CLANG_CXX_LANGUAGE_STANDARD</key>
				<string>gnu++17</string>
				<key>CLANG_ENABLE_OBJC_WEAK</key>
				<string>YES</string>
				<key>CODE_SIGN_ENTITLEMENTS</key>
				<string>ShareViewController/ShareViewController.entitlements</string>
				<key>CODE_SIGN_IDENTITY</key>
				<string>Apple Development</string>
				<key>CODE_SIGN_IDENTITY[sdk=iphoneos*]</key>
				<string>iPhone Distribution</string>
				<key>CODE_SIGN_STYLE</key>
				<string>Manual</string>
				<key>CURRENT_PROJECT_VERSION</key>
				<string>2</string>
				<key>DEVELOPMENT_TEAM</key>
				<string></string>
				<key>DEVELOPMENT_TEAM[sdk=iphoneos*]</key>
				<string>TEAMID1234</string>
				<key>GENERATE_INFOPLIST_FILE</key>
				<string>YES</string>
				<key>INFOPLIST_FILE</key>
				<string>ShareViewController/Info.plist</string>
				<key>INFOPLIST_KEY_CFBundleDisplayName</key>
				<string>ShareViewController</string>
				<key>INFOPLIST_KEY_NSHumanReadableCopyright</key>
				<string></string>
				<key>IPHONEOS_DEPLOYMENT_TARGET</key>
				<string>16.6</string>
				<key>LD_RUNPATH_SEARCH_PATHS</key>
				<array>
					<string>$(inherited)</string>
					<string>@executable_path/Frameworks</string>
					<string>@executable_path/../../Frameworks</string>
				</array>
				<key>MARKETING_VERSION</key>
				<string>2.0.1</string>
				<key>MTL_ENABLE_DEBUG_INFO</key>
				<string>INCLUDE_SOURCE</string>
				<key>MTL_FAST_MATH</key>
				<string>YES</string>
				<key>PRODUCT_BUNDLE_IDENTIFIER</key>
				<string>com.firehazard.oyster.ShareViewController</string>
				<key>PRODUCT_NAME</key>
				<string>$(TARGET_NAME)</string>
				<key>PROVISIONING_PROFILE_SPECIFIER</key>
				<string></string>
				<key>PROVISIONING_PROFILE_SPECIFIER[sdk=iphoneos*]</key>
				<string>match AppStore com.firehazard.oyster.ShareViewController</string>
				<key>SKIP_INSTALL</key>
				<string>YES</string>
				<key>SWIFT_EMIT_LOC_STRINGS</key>
				<string>YES</string>
				<key>SWIFT_VERSION</key>
				<string>5.0</string>
				<key>TARGETED_DEVICE_FAMILY</key>
				<string>1,2</string>
			</dict>
			<key>isa</key>
			<string>XCBuildConfiguration</string>
			<key>name</key>
			<string>Debug</string>
		</dict>
		<key>5FFF7D7727E343FA00B00DA8</key>
		<dict>
			<key>buildSettings</key>
			<dict>
				<key>CLANG_CXX_LANGUAGE_STANDARD</key>
				<string>gnu++17</string>
				<key>CLANG_ENABLE_OBJC_WEAK</key>
				<string>YES</string>
				<key>CODE_SIGN_ENTITLEMENTS</key>
				<string>ShareViewController/ShareViewController.entitlements</string>
				<key>CODE_SIGN_IDENTITY</key>
				<string>Apple Development</string>
				<key>CODE_SIGN_IDENTITY[sdk=iphoneos*]</key>
				<string>iPhone Distribution</string>
				<key>CODE_SIGN_STYLE</key>
				<string>Manual</string>
				<key>CURRENT_PROJECT_VERSION</key>
				<string>2</string>
				<key>DEVELOPMENT_TEAM</key>
				<string></string>
				<key>DEVELOPMENT_TEAM[sdk=iphoneos*]</key>
				<string>TEAMID1234</string>
				<key>GENERATE_INFOPLIST_FILE</key>
				<string>YES</string>
				<key>INFOPLIST_FILE</key>
				<string>ShareViewController/Info.plist</string>
				<key>INFOPLIST_KEY_CFBundleDisplayName</key>
				<string>ShareViewController</string>
				<key>INFOPLIST_KEY_NSHumanReadableCopyright</key>
				<string></string>
				<key>IPHONEOS_DEPLOYMENT_TARGET</key>
				<string>16.6</string>
				<key>LD_RUNPATH_SEARCH_PATHS</key>
				<array>
					<string>$(inherited)</string>
					<string>@executable_path/Frameworks</string>
					<string>@executable_path/../../Frameworks</string>
				</array>
				<key>MARKETING_VERSION</key>
				<string>2.0.1</string>
				<key>MTL_FAST_MATH</key>
				<string>YES</string>
				<key>PRODUCT_BUNDLE_IDENTIFIER</key>
				<string>com.firehazard.oyster.ShareViewController</string>
				<key>PRODUCT_NAME</key>
				<string>$(TARGET_NAME)</string>
				<key>PROVISIONING_PROFILE_SPECIFIER</key>
				<string></string>
				<key>PROVISIONING_PROFILE_SPECIFIER[sdk=iphoneos*]</key>
				<string>match AppStore com.firehazard.oyster.ShareViewController</string>
				<key>SKIP_INSTALL</key>
				<string>YES</string>
				<key>SWIFT_EMIT_LOC_STRINGS</key>
				<string>YES</string>
				<key>SWIFT_VERSION</key>
				<string>5.0</string>
				<key>TARGETED_DEVICE_FAMILY</key>
				<string>1,2</string>
			</dict>
			<key>isa</key>
			<string>XCBuildConfiguration</string>
			<key>name</key>
			<string>Release</string>
		</dict>
		<key>5FFF7D7827E343FA00B00DA8</key>
		<dict>
			<key>buildConfigurations</key>
			<array>
				<string>5FFF7D7627E343FA00B00DA8</string>
				<string>5FFF7D7727E343FA00B00DA8</string>
			</array>
			<key>defaultConfigurationIsVisible</key>
			<string>0</string>
			<key>defaultConfigurationName</key>
			<string>Release</string>
			<key>isa</key>
			<string>XCConfigurationList</string>
		</dict>
		<key>5FFF7D7927E4E70700B00DA8</key>
		<dict>
			<key>isa</key>
			<string>PBXFileReference</string>
			<key>lastKnownFileType</key>
			<string>text.plist.entitlements</string>
			<key>path</key>
			<string>ShareViewController.entitlements</string>
			<key>sourceTree</key>
			<string>&lt;group&gt;</string>
		</dict>
		<key>7435D10B2704659F00AB88E0</key>
		<dict>
			<key>isa</key>
			<string>PBXFileReference</string>
			<key>lastKnownFileType</key>
			<string>sourcecode.swift</string>
			<key>path</key>
			<string>FolderPicker.swift</string>
			<key>sourceTree</key>
			<string>&lt;group&gt;</string>
		</dict>
		<key>7435D10C2704659F00AB88E0</key>
		<dict>
			<key>fileRef</key>
			<string>7435D10B2704659F00AB88E0</string>
			<key>isa</key>
			<string>PBXBuildFile</string>
		</dict>
		<key>7435D10D2704660A00AB88E0</key>
		<dict>
			<key>isa</key>
			<string>PBXFileReference</string>
			<key>lastKnownFileType</key>
			<string>sourcecode.c.h</string>
			<key>path</key>
			<string>App-Bridging-Header.h</string>
			<key>sourceTree</key>
			<string>&lt;group&gt;</string>
		</dict>
		<key>7435D10E2704660B00AB88E0</key>
		<dict>
			<key>isa</key>
			<string>PBXFileReference</string>
			<key>lastKnownFileType</key>
			<string>sourcecode.c.objc</string>
			<key>path</key>
			<string>FolderPicker.m</string>
			<key>sourceTree</key>
			<string>&lt;group&gt;</string>
		</dict>
		<key>7435D10F2704660B00AB88E0</key>
		<dict>
			<key>fileRef</key>
			<string>7435D10E2704660B00AB88E0</string>
			<key>isa</key>
			<string>PBXBuildFile</string>
		</dict>
		<key>818545F0788D5DB466761623</key>
		<dict>
			<key>buildActionMask</key>
			<string>2147483647</string>
			<key>files</key>
			<array/>
			<key>inputFileListPaths</key>
			<array/>
			<key>inputPaths</key>
			<array>
				<string>${PODS_PODFILE_DIR_PATH}/Podfile.lock</string>
				<string>${PODS_ROOT}/Manifest.lock</string>
			</array>
			<key>isa</key>
			<string>PBXShellScriptBuildPhase</string>
			<key>name</key>
			<string>[CP] Check Pods Manifest.lock</string>
			<key>outputFileListPaths</key>
			<array/>
			<key>outputPaths</key>
			<array>
				<string>$(DERIVED_FILE_DIR)/Pods-Logseq-checkManifestLockResult.txt</string>
			</array>
			<key>runOnlyForDeploymentPostprocessing</key>
			<string>0</string>
			<key>shellPath</key>
			<string>/bin/sh</string>
			<key>shellScript</key>
			<string>diff "${PODS_PODFILE_DIR_PATH}/Podfile.lock" "${PODS_ROOT}/Manifest.lock" &gt; /dev/null
if [ $? != 0 ] ; then
    # print error to STDERR
    echo "error: The sandbox is not in sync with the Podfile.lock. Run 'pod install' or update your CocoaPods installation." &gt;&amp;2
    exit 1
fi
# This output is used by Xcode 'outputs' to avoid re-running this script phase.
echo "SUCCESS" &gt; "${SCRIPT_OUTPUT_FILE_0}"
</string>
			<key>showEnvVarsInLog</key>
			<string>0</string>
		</dict>
		<key>8A489CEC51E94726DDD58810</key>
		<dict>
			<key>includeInIndex</key>
			<string>1</string>
			<key>isa</key>
			<string>PBXFileReference</string>
			<key>lastKnownFileType</key>
			<string>text.xcconfig</string>
			<key>name</key>
			<string>Pods-Logseq.release.xcconfig</string>
			<key>path</key>
			<string>Target Support Files/Pods-Logseq/Pods-Logseq.release.xcconfig</string>
			<key>sourceTree</key>
			<string>&lt;group&gt;</string>
		</dict>
		<key>9FC5AB18C7E7E43B09B33A61</key>
		<dict>
			<key>children</key>
			<array>
				<string>D32752BD275496C60039291C</string>
				<string>B2E26D73EA097D0B3B22942E</string>
				<string>D3490CC52E7CE9EA00E796A6</string>
				<string>D3490CC72E7CE9EA00E796A6</string>
			</array>
			<key>isa</key>
			<string>PBXGroup</string>
			<key>name</key>
			<string>Frameworks</string>
			<key>sourceTree</key>
			<string>&lt;group&gt;</string>
		</dict>
		<key>A1B2C3D41E2F3A4B5C6D7E8F</key>
		<dict>
			<key>isa</key>
			<string>PBXFileReference</string>
			<key>lastKnownFileType</key>
			<string>sourcecode.swift</string>
			<key>path</key>
			<string>NativePageViewController.swift</string>
			<key>sourceTree</key>
			<string>&lt;group&gt;</string>
		</dict>
		<key>A1B2C3D41E2F3A4B5C6D7E90</key>
		<dict>
			<key>fileRef</key>
			<string>A1B2C3D41E2F3A4B5C6D7E8F</string>
			<key>isa</key>
			<string>PBXBuildFile</string>
		</dict>
		<key>A1B2C3D41E2F3A4B5C6D7E91</key>
		<dict>
			<key>isa</key>
			<string>PBXFileReference</string>
			<key>lastKnownFileType</key>
			<string>sourcecode.swift</string>
			<key>path</key>
			<string>SharedWebViewController.swift</string>
			<key>sourceTree</key>
			<string>&lt;group&gt;</string>
		</dict>
		<key>A1B2C3D41E2F3A4B5C6D7E92</key>
		<dict>
			<key>fileRef</key>
			<string>A1B2C3D41E2F3A4B5C6D7E91</string>
			<key>isa</key>
			<string>PBXBuildFile</string>
		</dict>
		<key>ABCDEF0123456789000000AA</key>
		<dict>
			<key>isa</key>
			<string>PBXFileReference</string>
			<key>lastKnownFileType</key>
			<string>sourcecode.swift</string>
			<key>path</key>
			<string>NativeTopBarPlugin.swift</string>
			<key>sourceTree</key>
			<string>&lt;group&gt;</string>
		</dict>
		<key>ABCDEF0123456789000000AB</key>
		<dict>
			<key>fileRef</key>
			<string>ABCDEF0123456789000000AA</string>
			<key>isa</key>
			<string>PBXBuildFile</string>
		</dict>
		<key>B2E26D73EA097D0B3B22942E</key>
		<dict>
			<key>explicitFileType</key>
			<string>wrapper.framework</string>
			<key>includeInIndex</key>
			<string>0</string>
			<key>isa</key>
			<string>PBXFileReference</string>
			<key>path</key>
			<string>Pods_Logseq.framework</string>
			<key>sourceTree</key>
			<string>BUILT_PRODUCTS_DIR</string>
		</dict>
		<key>C3718FCEFAECFFB66E93FFC4</key>
		<dict>
			<key>fileRef</key>
			<string>B2E26D73EA097D0B3B22942E</string>
			<key>isa</key>
			<string>PBXBuildFile</string>
		</dict>
		<key>CBF2D2D92DE83CB0006338BE</key>
		<dict>
			<key>isa</key>
			<string>PBXFileReference</string>
			<key>lastKnownFileType</key>
			<string>sourcecode.swift</string>
			<key>path</key>
			<string>UILocalPlugin.swift</string>
			<key>sourceTree</key>
			<string>&lt;group&gt;</string>
		</dict>
		<key>CBF2D2DA2DE83CB8006338BE</key>
		<dict>
			<key>fileRef</key>
			<string>CBF2D2D92DE83CB0006338BE</string>
			<key>isa</key>
			<string>PBXBuildFile</string>
		</dict>
		<key>CBF2D2E12DE95970006338BE</key>
		<dict>
			<key>isa</key>
			<string>PBXFileReference</string>
			<key>lastKnownFileType</key>
			<string>sourcecode.swift</string>
			<key>path</key>
			<string>AppViewController.swift</string>
			<key>sourceTree</key>
			<string>&lt;group&gt;</string>
		</dict>
		<key>CBF2D2E22DE95970006338BE</key>
		<dict>
			<key>fileRef</key>
			<string>CBF2D2E12DE95970006338BE</string>
			<key>isa</key>
			<string>PBXBuildFile</string>
		</dict>
		<key>D32752BC275496A60039291C</key>
		<dict>
			<key>isa</key>
			<string>PBXFileReference</string>
			<key>lastKnownFileType</key>
			<string>text.plist.entitlements</string>
			<key>path</key>
			<string>App.entitlements</string>
			<key>sourceTree</key>
			<string>&lt;group&gt;</string>
		</dict>
		<key>D32752BD275496C60039291C</key>
		<dict>
			<key>isa</key>
			<string>PBXFileReference</string>
			<key>lastKnownFileType</key>
			<string>wrapper.framework</string>
			<key>name</key>
			<string>CloudKit.framework</string>
			<key>path</key>
			<string>System/Library/Frameworks/CloudKit.framework</string>
			<key>sourceTree</key>
			<string>SDKROOT</string>
		</dict>
		<key>D32752BE275496C60039291C</key>
		<dict>
			<key>fileRef</key>
			<string>D32752BD275496C60039291C</string>
			<key>isa</key>
			<string>PBXBuildFile</string>
		</dict>
		<key>D32752BF2754C5AB0039291C</key>
		<dict>
			<key>isa</key>
			<string>PBXFileReference</string>
			<key>lastKnownFileType</key>
			<string>text.plist.entitlements</string>
			<key>path</key>
			<string>AppDebug.entitlements</string>
			<key>sourceTree</key>
			<string>&lt;group&gt;</string>
		</dict>
		<key>D337740F89DEEAD18C87762B</key>
		<dict>
			<key>children</key>
			<array>
				<string>DE5650F4AD4E2242AB9C012D</string>
				<string>8A489CEC51E94726DDD58810</string>
			</array>
			<key>isa</key>
			<string>PBXGroup</string>
			<key>path</key>
			<string>Pods</string>
			<key>sourceTree</key>
			<string>&lt;group&gt;</string>
		</dict>
		<key>D3490CC02E7CE9EA00E796A6</key>
		<dict>
			<key>buildActionMask</key>
			<string>2147483647</string>
			<key>files</key>
			<array>
				<string>D39D1FE02E7DAFB000C903D1</string>
			</array>
			<key>isa</key>
			<string>PBXSourcesBuildPhase</string>
			<key>runOnlyForDeploymentPostprocessing</key>
			<string>0</string>
		</dict>
		<key>D3490CC12E7CE9EA00E796A6</key>
		<dict>
			<key>buildActionMask</key>
			<string>2147483647</string>
			<key>files</key>
			<array>
				<string>D3490CC82E7CE9EA00E796A6</string>
				<string>D3490CC62E7CE9EA00E796A6</string>
			</array>
			<key>isa</key>
			<string>PBXFrameworksBuildPhase</string>
			<key>runOnlyForDeploymentPostprocessing</key>
			<string>0</string>
		</dict>
		<key>D3490CC22E7CE9EA00E796A6</key>
		<dict>
			<key>buildActionMask</key>
			<string>2147483647</string>
			<key>files</key>
			<array/>
			<key>isa</key>
			<string>PBXResourcesBuildPhase</string>
			<key>runOnlyForDeploymentPostprocessing</key>
			<string>0</string>
		</dict>
		<key>D3490CC32E7CE9EA00E796A6</key>
		<dict>
			<key>buildConfigurationList</key>
			<string>D3490CD92E7CE9EB00E796A6</string>
			<key>buildPhases</key>
			<array>
				<string>D3490CC02E7CE9EA00E796A6</string>
				<string>D3490CC12E7CE9EA00E796A6</string>
				<string>D3490CC22E7CE9EA00E796A6</string>
			</array>
			<key>buildRules</key>
			<array/>
			<key>dependencies</key>
			<array/>
			<key>fileSystemSynchronizedGroups</key>
			<array>
				<string>D3490CC92E7CE9EA00E796A6</string>
			</array>
			<key>isa</key>
			<string>PBXNativeTarget</string>
			<key>name</key>
			<string>shortcutsExtension</string>
			<key>packageProductDependencies</key>
			<array/>
			<key>productName</key>
			<string>shortcutsExtension</string>
			<key>productReference</key>
			<string>D3490CC42E7CE9EA00E796A6</string>
			<key>productType</key>
			<string>com.apple.product-type.app-extension</string>
		</dict>
		<key>D3490CC42E7CE9EA00E796A6</key>
		<dict>
			<key>explicitFileType</key>
			<string>wrapper.app-extension</string>
			<key>includeInIndex</key>
			<string>0</string>
			<key>isa</key>
			<string>PBXFileReference</string>
			<key>path</key>
			<string>shortcutsExtension.appex</string>
			<key>sourceTree</key>
			<string>BUILT_PRODUCTS_DIR</string>
		</dict>
		<key>D3490CC52E7CE9EA00E796A6</key>
		<dict>
			<key>isa</key>
			<string>PBXFileReference</string>
			<key>lastKnownFileType</key>
			<string>wrapper.framework</string>
			<key>name</key>
			<string>WidgetKit.framework</string>
			<key>path</key>
			<string>System/Library/Frameworks/WidgetKit.framework</string>
			<key>sourceTree</key>
			<string>SDKROOT</string>
		</dict>
		<key>D3490CC62E7CE9EA00E796A6</key>
		<dict>
			<key>fileRef</key>
			<string>D3490CC52E7CE9EA00E796A6</string>
			<key>isa</key>
			<string>PBXBuildFile</string>
		</dict>
		<key>D3490CC72E7CE9EA00E796A6</key>
		<dict>
			<key>isa</key>
			<string>PBXFileReference</string>
			<key>lastKnownFileType</key>
			<string>wrapper.framework</string>
			<key>name</key>
			<string>SwiftUI.framework</string>
			<key>path</key>
			<string>System/Library/Frameworks/SwiftUI.framework</string>
			<key>sourceTree</key>
			<string>SDKROOT</string>
		</dict>
		<key>D3490CC82E7CE9EA00E796A6</key>
		<dict>
			<key>fileRef</key>
			<string>D3490CC72E7CE9EA00E796A6</string>
			<key>isa</key>
			<string>PBXBuildFile</string>
		</dict>
		<key>D3490CC92E7CE9EA00E796A6</key>
		<dict>
			<key>exceptions</key>
			<array>
				<string>D3490CD82E7CE9EB00E796A6</string>
			</array>
			<key>explicitFileTypes</key>
			<dict/>
			<key>explicitFolders</key>
			<array/>
			<key>isa</key>
			<string>PBXFileSystemSynchronizedRootGroup</string>
			<key>path</key>
			<string>shortcuts</string>
			<key>sourceTree</key>
			<string>&lt;group&gt;</string>
		</dict>
		<key>D3490CD32E7CE9EB00E796A6</key>
		<dict>
			<key>containerPortal</key>
			<string>504EC2FC1FED79650016851F</string>
			<key>isa</key>
			<string>PBXContainerItemProxy</string>
			<key>proxyType</key>
			<string>1</string>
			<key>remoteGlobalIDString</key>
			<string>D3490CC32E7CE9EA00E796A6</string>
			<key>remoteInfo</key>
			<string>shortcutsExtension</string>
		</dict>
		<key>D3490CD42E7CE9EB00E796A6</key>
		<dict>
			<key>isa</key>
			<string>PBXTargetDependency</string>
			<key>target</key>
			<string>D3490CC32E7CE9EA00E796A6</string>
			<key>targetProxy</key>
			<string>D3490CD32E7CE9EB00E796A6</string>
		</dict>
		<key>D3490CD52E7CE9EB00E796A6</key>
		<dict>
			<key>fileRef</key>
			<string>D3490CC42E7CE9EA00E796A6</string>
			<key>isa</key>
			<string>PBXBuildFile</string>
			<key>settings</key>
			<dict>
				<key>ATTRIBUTES</key>
				<array>
					<string>RemoveHeadersOnCopy</string>
				</array>
			</dict>
		</dict>
		<key>D3490CD62E7CE9EB00E796A6</key>
		<dict>
			<key>buildSettings</key>
			<dict>
				<key>ASSETCATALOG_COMPILER_GENERATE_SWIFT_ASSET_SYMBOL_EXTENSIONS</key>
				<string>YES</string>
				<key>ASSETCATALOG_COMPILER_GLOBAL_ACCENT_COLOR_NAME</key>
				<string>AccentColor</string>
				<key>ASSETCATALOG_COMPILER_WIDGET_BACKGROUND_COLOR_NAME</key>
				<string>WidgetBackground</string>
				<key>CLANG_CXX_LANGUAGE_STANDARD</key>
				<string>gnu++20</string>
				<key>CLANG_ENABLE_OBJC_WEAK</key>
				<string>YES</string>
				<key>CODE_SIGN_ENTITLEMENTS</key>
				<string>shortcutsExtension.entitlements</string>
				<key>CODE_SIGN_IDENTITY</key>
				<string>Apple Development</string>
				<key>CODE_SIGN_STYLE</key>
				<string>Automatic</string>
				<key>CURRENT_PROJECT_VERSION</key>
				<string>2</string>
				<key>DEVELOPMENT_TEAM</key>
				<string>K378MFWK59</string>
				<key>ENABLE_USER_SCRIPT_SANDBOXING</key>
				<string>YES</string>
				<key>GCC_C_LANGUAGE_STANDARD</key>
				<string>gnu17</string>
				<key>GENERATE_INFOPLIST_FILE</key>
				<string>YES</string>
				<key>INFOPLIST_FILE</key>
				<string>shortcuts/Info.plist</string>
				<key>INFOPLIST_KEY_CFBundleDisplayName</key>
				<string>shortcuts</string>
				<key>INFOPLIST_KEY_NSHumanReadableCopyright</key>
				<string></string>
				<key>IPHONEOS_DEPLOYMENT_TARGET</key>
				<string>26.0</string>
				<key>LD_RUNPATH_SEARCH_PATHS</key>
				<array>
					<string>$(inherited)</string>
					<string>@executable_path/Frameworks</string>
					<string>@executable_path/../../Frameworks</string>
				</array>
				<key>LOCALIZATION_PREFERS_STRING_CATALOGS</key>
				<string>YES</string>
				<key>MARKETING_VERSION</key>
				<string>2.0.1</string>
				<key>MTL_ENABLE_DEBUG_INFO</key>
				<string>INCLUDE_SOURCE</string>
				<key>MTL_FAST_MATH</key>
				<string>YES</string>
				<key>PRODUCT_BUNDLE_IDENTIFIER</key>
				<string>com.firehazard.oyster.shortcuts</string>
				<key>PRODUCT_NAME</key>
				<string>$(TARGET_NAME)</string>
				<key>SKIP_INSTALL</key>
				<string>YES</string>
				<key>STRING_CATALOG_GENERATE_SYMBOLS</key>
				<string>YES</string>
				<key>SWIFT_ACTIVE_COMPILATION_CONDITIONS</key>
				<string>DEBUG $(inherited)</string>
				<key>SWIFT_APPROACHABLE_CONCURRENCY</key>
				<string>YES</string>
				<key>SWIFT_EMIT_LOC_STRINGS</key>
				<string>YES</string>
				<key>SWIFT_UPCOMING_FEATURE_MEMBER_IMPORT_VISIBILITY</key>
				<string>YES</string>
				<key>SWIFT_VERSION</key>
				<string>5.0</string>
				<key>TARGETED_DEVICE_FAMILY</key>
				<string>1,2</string>
			</dict>
			<key>isa</key>
			<string>XCBuildConfiguration</string>
			<key>name</key>
			<string>Debug</string>
		</dict>
		<key>D3490CD72E7CE9EB00E796A6</key>
		<dict>
			<key>buildSettings</key>
			<dict>
				<key>ASSETCATALOG_COMPILER_GENERATE_SWIFT_ASSET_SYMBOL_EXTENSIONS</key>
				<string>YES</string>
				<key>ASSETCATALOG_COMPILER_GLOBAL_ACCENT_COLOR_NAME</key>
				<string>AccentColor</string>
				<key>ASSETCATALOG_COMPILER_WIDGET_BACKGROUND_COLOR_NAME</key>
				<string>WidgetBackground</string>
				<key>CLANG_CXX_LANGUAGE_STANDARD</key>
				<string>gnu++20</string>
				<key>CLANG_ENABLE_OBJC_WEAK</key>
				<string>YES</string>
				<key>CODE_SIGN_ENTITLEMENTS</key>
				<string>shortcutsExtension.entitlements</string>
				<key>CODE_SIGN_IDENTITY</key>
				<string>Apple Development</string>
				<key>CODE_SIGN_IDENTITY[sdk=iphoneos*]</key>
				<string>iPhone Distribution</string>
				<key>CODE_SIGN_STYLE</key>
				<string>Manual</string>
				<key>CURRENT_PROJECT_VERSION</key>
				<string>2</string>
				<key>DEVELOPMENT_TEAM</key>
				<string></string>
				<key>DEVELOPMENT_TEAM[sdk=iphoneos*]</key>
				<string>TEAMID1234</string>
				<key>ENABLE_USER_SCRIPT_SANDBOXING</key>
				<string>YES</string>
				<key>GCC_C_LANGUAGE_STANDARD</key>
				<string>gnu17</string>
				<key>GENERATE_INFOPLIST_FILE</key>
				<string>YES</string>
				<key>INFOPLIST_FILE</key>
				<string>shortcuts/Info.plist</string>
				<key>INFOPLIST_KEY_CFBundleDisplayName</key>
				<string>shortcuts</string>
				<key>INFOPLIST_KEY_NSHumanReadableCopyright</key>
				<string></string>
				<key>IPHONEOS_DEPLOYMENT_TARGET</key>
				<string>26.0</string>
				<key>LD_RUNPATH_SEARCH_PATHS</key>
				<array>
					<string>$(inherited)</string>
					<string>@executable_path/Frameworks</string>
					<string>@executable_path/../../Frameworks</string>
				</array>
				<key>LOCALIZATION_PREFERS_STRING_CATALOGS</key>
				<string>YES</string>
				<key>MARKETING_VERSION</key>
				<string>2.0.1</string>
				<key>MTL_FAST_MATH</key>
				<string>YES</string>
				<key>PRODUCT_BUNDLE_IDENTIFIER</key>
				<string>com.firehazard.oyster.shortcuts</string>
				<key>PRODUCT_NAME</key>
				<string>$(TARGET_NAME)</string>
				<key>PROVISIONING_PROFILE_SPECIFIER[sdk=iphoneos*]</key>
				<string>match AppStore com.firehazard.oyster.shortcuts</string>
				<key>SKIP_INSTALL</key>
				<string>YES</string>
				<key>STRING_CATALOG_GENERATE_SYMBOLS</key>
				<string>YES</string>
				<key>SWIFT_APPROACHABLE_CONCURRENCY</key>
				<string>YES</string>
				<key>SWIFT_EMIT_LOC_STRINGS</key>
				<string>YES</string>
				<key>SWIFT_UPCOMING_FEATURE_MEMBER_IMPORT_VISIBILITY</key>
				<string>YES</string>
				<key>SWIFT_VERSION</key>
				<string>5.0</string>
				<key>TARGETED_DEVICE_FAMILY</key>
				<string>1,2</string>
			</dict>
			<key>isa</key>
			<string>XCBuildConfiguration</string>
			<key>name</key>
			<string>Release</string>
		</dict>
		<key>D3490CD82E7CE9EB00E796A6</key>
		<dict>
			<key>isa</key>
			<string>PBXFileSystemSynchronizedBuildFileExceptionSet</string>
			<key>membershipExceptions</key>
			<array>
				<string>Info.plist</string>
			</array>
			<key>target</key>
			<string>D3490CC32E7CE9EA00E796A6</string>
		</dict>
		<key>D3490CD92E7CE9EB00E796A6</key>
		<dict>
			<key>buildConfigurations</key>
			<array>
				<string>D3490CD62E7CE9EB00E796A6</string>
				<string>D3490CD72E7CE9EB00E796A6</string>
			</array>
			<key>defaultConfigurationIsVisible</key>
			<string>0</string>
			<key>defaultConfigurationName</key>
			<string>Release</string>
			<key>isa</key>
			<string>XCConfigurationList</string>
		</dict>
		<key>D3490CDA2E7CEA3900E796A6</key>
		<dict>
			<key>isa</key>
			<string>PBXFileReference</string>
			<key>lastKnownFileType</key>
			<string>text.plist.entitlements</string>
			<key>path</key>
			<string>shortcutsExtension.entitlements</string>
			<key>sourceTree</key>
			<string>&lt;group&gt;</string>
		</dict>
		<key>D3989CBD2ECB0E5700D06615</key>
		<dict>
			<key>isa</key>
			<string>PBXFileReference</string>
			<key>lastKnownFileType</key>
			<string>sourcecode.swift</string>
			<key>path</key>
			<string>LiquidTabsPlugin.swift</string>
			<key>sourceTree</key>
			<string>&lt;group&gt;</string>
		</dict>
		<key>D3989CBE2ECB0E5700D06615</key>
		<dict>
			<key>isa</key>
			<string>PBXFileReference</string>
			<key>lastKnownFileType</key>
			<string>sourcecode.swift</string>
			<key>path</key>
			<string>LiquidTabsRootView.swift</string>
			<key>sourceTree</key>
			<string>&lt;group&gt;</string>
		</dict>
		<key>D3989CBF2ECB0E5700D06615</key>
		<dict>
			<key>isa</key>
			<string>PBXFileReference</string>
			<key>lastKnownFileType</key>
			<string>sourcecode.swift</string>
			<key>path</key>
			<string>LiquidTabsStore.swift</string>
			<key>sourceTree</key>
			<string>&lt;group&gt;</string>
		</dict>
		<key>D3989CC02ECB0E5700D06615</key>
		<dict>
			<key>isa</key>
			<string>PBXFileReference</string>
			<key>lastKnownFileType</key>
			<string>sourcecode.swift</string>
			<key>path</key>
			<string>NativeNavHost.swift</string>
			<key>sourceTree</key>
			<string>&lt;group&gt;</string>
		</dict>
		<key>D3989CC22ECB0E5700D06615</key>
		<dict>
			<key>fileRef</key>
			<string>D3989CBE2ECB0E5700D06615</string>
			<key>isa</key>
			<string>PBXBuildFile</string>
		</dict>
		<key>D3989CC32ECB0E5700D06615</key>
		<dict>
			<key>fileRef</key>
			<string>D3989CBF2ECB0E5700D06615</string>
			<key>isa</key>
			<string>PBXBuildFile</string>
		</dict>
		<key>D3989CC42ECB0E5700D06615</key>
		<dict>
			<key>fileRef</key>
			<string>D3989CBD2ECB0E5700D06615</string>
			<key>isa</key>
			<string>PBXBuildFile</string>
		</dict>
		<key>D3989CC52ECB0E5700D06615</key>
		<dict>
			<key>fileRef</key>
			<string>D3989CC02ECB0E5700D06615</string>
			<key>isa</key>
			<string>PBXBuildFile</string>
		</dict>
		<key>D3989CC72ECB174A00D06615</key>
		<dict>
			<key>isa</key>
			<string>PBXFileReference</string>
			<key>lastKnownFileType</key>
			<string>sourcecode.swift</string>
			<key>path</key>
			<string>SceneDelegate.swift</string>
			<key>sourceTree</key>
			<string>&lt;group&gt;</string>
		</dict>
		<key>D3989CC82ECB174A00D06615</key>
		<dict>
			<key>fileRef</key>
			<string>D3989CC72ECB174A00D06615</string>
			<key>isa</key>
			<string>PBXBuildFile</string>
		</dict>
		<key>D39D1FDF2E7DAFB000C903D1</key>
		<dict>
			<key>isa</key>
			<string>PBXFileReference</string>
			<key>lastKnownFileType</key>
			<string>sourcecode.swift</string>
			<key>path</key>
			<string>LogseqIntents.swift</string>
			<key>sourceTree</key>
			<string>&lt;group&gt;</string>
		</dict>
		<key>D39D1FE02E7DAFB000C903D1</key>
		<dict>
			<key>fileRef</key>
			<string>D39D1FDF2E7DAFB000C903D1</string>
			<key>isa</key>
			<string>PBXBuildFile</string>
		</dict>
		<key>D39D1FE12E7DAFB000C903D1</key>
		<dict>
			<key>fileRef</key>
			<string>D39D1FDF2E7DAFB000C903D1</string>
			<key>isa</key>
			<string>PBXBuildFile</string>
		</dict>
		<key>D3C620A92ED4B9A80009CCDA</key>
		<dict>
			<key>isa</key>
			<string>PBXFileReference</string>
			<key>lastKnownFileType</key>
			<string>sourcecode.swift</string>
			<key>path</key>
			<string>Theme.swift</string>
			<key>sourceTree</key>
			<string>&lt;group&gt;</string>
		</dict>
		<key>D3C620AA2ED4B9A80009CCDA</key>
		<dict>
			<key>fileRef</key>
			<string>D3C620A92ED4B9A80009CCDA</string>
			<key>isa</key>
			<string>PBXBuildFile</string>
		</dict>
		<key>D3D62A09275C92880003FBDC</key>
		<dict>
			<key>fileEncoding</key>
			<string>4</string>
			<key>isa</key>
			<string>PBXFileReference</string>
			<key>lastKnownFileType</key>
			<string>sourcecode.swift</string>
			<key>path</key>
			<string>FileContainer.swift</string>
			<key>sourceTree</key>
			<string>&lt;group&gt;</string>
		</dict>
		<key>D3D62A0A275C92880003FBDC</key>
		<dict>
			<key>fileRef</key>
			<string>D3D62A09275C92880003FBDC</string>
			<key>isa</key>
			<string>PBXBuildFile</string>
		</dict>
		<key>D3D62A0B275C928F0003FBDC</key>
		<dict>
			<key>fileEncoding</key>
			<string>4</string>
			<key>isa</key>
			<string>PBXFileReference</string>
			<key>lastKnownFileType</key>
			<string>sourcecode.c.objc</string>
			<key>path</key>
			<string>FileContainer.m</string>
			<key>sourceTree</key>
			<string>&lt;group&gt;</string>
		</dict>
		<key>D3D62A0C275C928F0003FBDC</key>
		<dict>
			<key>fileRef</key>
			<string>D3D62A0B275C928F0003FBDC</string>
			<key>isa</key>
			<string>PBXBuildFile</string>
		</dict>
		<key>D3F4A5B62F1234567890ABCD</key>
		<dict>
			<key>isa</key>
			<string>PBXFileReference</string>
			<key>lastKnownFileType</key>
			<string>sourcecode.swift</string>
			<key>path</key>
			<string>NativeBottomSheetPlugin.swift</string>
			<key>sourceTree</key>
			<string>&lt;group&gt;</string>
		</dict>
		<key>D3F4A5B62F1234567890ABCE</key>
		<dict>
			<key>fileRef</key>
			<string>D3F4A5B62F1234567890ABCD</string>
			<key>isa</key>
			<string>PBXBuildFile</string>
		</dict>
		<key>D3F4A5B62F1234567890ABCF</key>
		<dict>
			<key>isa</key>
			<string>PBXFileReference</string>
			<key>lastKnownFileType</key>
			<string>sourcecode.swift</string>
			<key>path</key>
			<string>NativeSelectionActionBarPlugin.swift</string>
			<key>sourceTree</key>
			<string>&lt;group&gt;</string>
		</dict>
		<key>D3F4A5B62F1234567890ABD1</key>
		<dict>
			<key>fileRef</key>
			<string>D3F4A5B62F1234567890ABCF</string>
			<key>isa</key>
			<string>PBXBuildFile</string>
		</dict>
		<key>D3F4A5B62F1234567890ABD3</key>
		<dict>
			<key>isa</key>
			<string>PBXFileReference</string>
			<key>lastKnownFileType</key>
			<string>sourcecode.swift</string>
			<key>path</key>
			<string>NativeEditorToolbarPlugin.swift</string>
			<key>sourceTree</key>
			<string>&lt;group&gt;</string>
		</dict>
		<key>D3F4A5B62F1234567890ABD4</key>
		<dict>
			<key>fileRef</key>
			<string>D3F4A5B62F1234567890ABD3</string>
			<key>isa</key>
			<string>PBXBuildFile</string>
		</dict>
		<key>DE5650F4AD4E2242AB9C012D</key>
		<dict>
			<key>includeInIndex</key>
			<string>1</string>
			<key>isa</key>
			<string>PBXFileReference</string>
			<key>lastKnownFileType</key>
			<string>text.xcconfig</string>
			<key>name</key>
			<string>Pods-Logseq.debug.xcconfig</string>
			<key>path</key>
			<string>Target Support Files/Pods-Logseq/Pods-Logseq.debug.xcconfig</string>
			<key>sourceTree</key>
			<string>&lt;group&gt;</string>
		</dict>
		<key>FE647FF327BDFEDE00F3206B</key>
		<dict>
			<key>isa</key>
			<string>PBXFileReference</string>
			<key>lastKnownFileType</key>
			<string>sourcecode.swift</string>
			<key>path</key>
			<string>FsWatcher.swift</string>
			<key>sourceTree</key>
			<string>&lt;group&gt;</string>
		</dict>
		<key>FE647FF427BDFEDE00F3206B</key>
		<dict>
			<key>fileRef</key>
			<string>FE647FF327BDFEDE00F3206B</string>
			<key>isa</key>
			<string>PBXBuildFile</string>
		</dict>
		<key>FE647FF527BDFEF500F3206B</key>
		<dict>
			<key>isa</key>
			<string>PBXFileReference</string>
			<key>lastKnownFileType</key>
			<string>sourcecode.c.objc</string>
			<key>path</key>
			<string>FsWatcher.m</string>
			<key>sourceTree</key>
			<string>&lt;group&gt;</string>
		</dict>
		<key>FE647FF627BDFEF500F3206B</key>
		<dict>
			<key>fileRef</key>
			<string>FE647FF527BDFEF500F3206B</string>
			<key>isa</key>
			<string>PBXBuildFile</string>
		</dict>
		<key>FE96D60F2A1B811A001ECE32</key>
		<dict>
			<key>isa</key>
			<string>PBXFileReference</string>
			<key>lastKnownFileType</key>
			<string>sourcecode.swift</string>
			<key>path</key>
			<string>SharedData.swift</string>
			<key>sourceTree</key>
			<string>&lt;group&gt;</string>
		</dict>
		<key>FE96D6102A1B811A001ECE32</key>
		<dict>
			<key>fileRef</key>
			<string>FE96D60F2A1B811A001ECE32</string>
			<key>isa</key>
			<string>PBXBuildFile</string>
		</dict>
	</dict>
	<key>rootObject</key>
	<string>504EC2FC1FED79650016851F</string>
</dict>
</plist>
